
Microsoft Visual Studio Solution File, Format Version 12.00
# Visual Studio Version 18
VisualStudioVersion = 18.5.11723.231 stable
MinimumVisualStudioVersion = 10.0.40219.1
Project("{FAE04EC0-301F-11D3-BF4B-00C04F79EFBC}") = "ICMS", "ICMS.csproj", "{88BF0DEE-E85B-C8C7-4774-0F0C8600CC33}"
EndProject
Global
	GlobalSection(SolutionConfigurationPlatforms) = preSolution
		Debug|Any CPU = Debug|Any CPU
		Release|Any CPU = Release|Any CPU
	EndGlobalSection
	GlobalSection(ProjectConfigurationPlatforms) = postSolution
		{88BF0DEE-E85B-C8C7-4774-0F0C8600CC33}.Debug|Any CPU.ActiveCfg = Debug|Any CPU
		{88BF0DEE-E85B-C8C7-4774-0F0C8600CC33}.Debug|Any CPU.Build.0 = Debug|Any CPU
		{88BF0DEE-E85B-C8C7-4774-0F0C8600CC33}.Release|Any CPU.ActiveCfg = Release|Any CPU
		{88BF0DEE-E85B-C8C7-4774-0F0C8600CC33}.Release|Any CPU.Build.0 = Release|Any CPU
	EndGlobalSection
	GlobalSection(SolutionProperties) = preSolution
		HideSolutionNode = FALSE
	EndGlobalSection
	GlobalSection(ExtensibilityGlobals) = postSolution
		SolutionGuid = {8AE0CAA5-7189-4106-9A16-CB3D7A2DAF7A}
	EndGlobalSection
EndGlobal
